<?xml version="1.0" encoding="utf-8"?>
<Project ToolsVersion="4.0" xmlns="http://schemas.microsoft.com/developer/msbuild/2003">
  <ItemGroup>
    <Filter Include="소스 파일">
      <UniqueIdentifier>{4FC737F1-C7A5-4376-A066-2A32D752A2FF}</UniqueIdentifier>
      <Extensions>cpp;c;cc;cxx;def;odl;idl;hpj;bat;asm;asmx</Extensions>
    </Filter>
    <Filter Include="헤더 파일">
      <UniqueIdentifier>{93995380-89BD-4b04-88EB-625FBE52EBFB}</UniqueIdentifier>
      <Extensions>h;hh;hpp;hxx;hm;inl;inc;xsd</Extensions>
    </Filter>
    <Filter Include="리소스 파일">
      <UniqueIdentifier>{67DA6AB6-F800-4c08-8B7A-83BB121AAD01}</UniqueIdentifier>
      <Extensions>rc;ico;cur;bmp;dlg;rc2;rct;bin;rgs;gif;jpg;jpeg;jpe;resx;tiff;tif;png;wav;mfcribbon-ms</Extensions>
    </Filter>
  </ItemGroup>
  <ItemGroup>
    <ClCompile Include="FriendClass.cpp">
      <Filter>소스 파일</Filter>
    </ClCompile>
    <ClCompile Include="Friendfunction.cpp">
      <Filter>소스 파일</Filter>
    </ClCompile>
    <ClCompile Include="ex.6.1.inheritance.cpp">
      <Filter>소스 파일</Filter>
    </ClCompile>
    <ClCompile Include="ex.6.3.inheritance_call.cpp">
      <Filter>소스 파일</Filter>
    </ClCompile>
    <ClCompile Include="ex.func_pointer.cpp">
      <Filter>소스 파일</Filter>
    </ClCompile>
    <ClCompile Include="ex.operator_overload.cpp">
      <Filter>소스 파일</Filter>
    </ClCompile>
    <ClCompile Include="ex.template.cpp">
      <Filter>소스 파일</Filter>
    </ClCompile>
    <ClCompile Include="ex.virtual_func.cpp">
      <Filter>소스 파일</Filter>
    </ClCompile>
    <ClCompile Include="ex.2.namespace.cpp">
      <Filter>소스 파일</Filter>
    </ClCompile>
    <ClCompile Include="ex.3.1class.cpp">
      <Filter>소스 파일</Filter>
    </ClCompile>
    <ClCompile Include="ex.3.2.constructor.cpp">
      <Filter>소스 파일</Filter>
    </ClCompile>
    <ClCompile Include="ex.3.3.reference.cpp">
      <Filter>소스 파일</Filter>
    </ClCompile>
    <ClCompile Include="ex.3.4.copy.cpp">
      <Filter>소스 파일</Filter>
    </ClCompile>
    <ClCompile Include="10.ExceptSample1.cpp">
      <Filter>소스 파일</Filter>
    </ClCompile>
    <ClCompile Include="1.4.ValuableType.cpp">
      <Filter>소스 파일</Filter>
    </ClCompile>
    <ClCompile Include="1.1.Cout_Cin.cpp">
      <Filter>소스 파일</Filter>
    </ClCompile>
    <ClCompile Include="1.6.ReferenceType.cpp">
      <Filter>소스 파일</Filter>
    </ClCompile>
    <ClCompile Include="1.0.HelloWorld.cpp">
      <Filter>소스 파일</Filter>
    </ClCompile>
    <ClCompile Include="1.7.RangeBasedFor.cpp">
      <Filter>소스 파일</Filter>
    </ClCompile>
    <ClCompile Include="2.2.FunctionTemplete.cpp">
      <Filter>소스 파일</Filter>
    </ClCompile>
    <ClCompile Include="2.1.DefaultParameter.cpp">
      <Filter>소스 파일</Filter>
    </ClCompile>
  </ItemGroup>
  <ItemGroup>
    <ClInclude Include="standard.h">
      <Filter>헤더 파일</Filter>
    </ClInclude>
  </ItemGroup>
</Project>